
Microsoft Visual Studio Solution File, Format Version 12.00
# Visual Studio Version 16
VisualStudioVersion = 16.0.30717.126
MinimumVisualStudioVersion = 10.0.40219.1
Project("{9A19103F-16F7-4668-BE54-9A1E7A4F7556}") = "FormManager.Api", "FormManager\FormManager.Api.csproj", "{5C8C0253-99F0-4DBB-AADF-BAF2EC33CBAD}"
EndProject
Project("{9A19103F-16F7-4668-BE54-9A1E7A4F7556}") = "FormManager.Infrastructure", "FormManager.Infrastructure\FormManager.Infrastructure.csproj", "{CC530697-1B48-4B5B-B355-1E6EAFA3A364}"
EndProject
Project("{9A19103F-16F7-4668-BE54-9A1E7A4F7556}") = "FormManager.Application", "FormManager.Application\FormManager.Application.csproj", "{4F3800E8-762D-4354-857A-5E49C43ED009}"
EndProject
Project("{9A19103F-16F7-4668-BE54-9A1E7A4F7556}") = "FormManager.Domain", "FormManager.Domain\FormManager.Domain.csproj", "{3331A1DB-87E4-4644-887E-288FBE4D8E3F}"
EndProject
Project("{2150E333-8FDC-42A3-9474-1A3956D46DE8}") = "tests", "tests", "{609BF48E-E326-49B2-9DC7-CB6137C6A065}"
EndProject
Project("{FAE04EC0-301F-11D3-BF4B-00C04F79EFBC}") = "FormManager.Application.IntegrationTests", "tests\FormManager.Application.Tests\FormManager.Application.IntegrationTests.csproj", "{287E5460-A1B9-4FBF-88BF-3BEC8DF09B33}"
EndProject
Global
	GlobalSection(SolutionConfigurationPlatforms) = preSolution
		Debug|Any CPU = Debug|Any CPU
		Release|Any CPU = Release|Any CPU
	EndGlobalSection
	GlobalSection(ProjectConfigurationPlatforms) = postSolution
		{5C8C0253-99F0-4DBB-AADF-BAF2EC33CBAD}.Debug|Any CPU.ActiveCfg = Debug|Any CPU
		{5C8C0253-99F0-4DBB-AADF-BAF2EC33CBAD}.Debug|Any CPU.Build.0 = Debug|Any CPU
		{5C8C0253-99F0-4DBB-AADF-BAF2EC33CBAD}.Release|Any CPU.ActiveCfg = Release|Any CPU
		{5C8C0253-99F0-4DBB-AADF-BAF2EC33CBAD}.Release|Any CPU.Build.0 = Release|Any CPU
		{CC530697-1B48-4B5B-B355-1E6EAFA3A364}.Debug|Any CPU.ActiveCfg = Debug|Any CPU
		{CC530697-1B48-4B5B-B355-1E6EAFA3A364}.Debug|Any CPU.Build.0 = Debug|Any CPU
		{CC530697-1B48-4B5B-B355-1E6EAFA3A364}.Release|Any CPU.ActiveCfg = Release|Any CPU
		{CC530697-1B48-4B5B-B355-1E6EAFA3A364}.Release|Any CPU.Build.0 = Release|Any CPU
		{4F3800E8-762D-4354-857A-5E49C43ED009}.Debug|Any CPU.ActiveCfg = Debug|Any CPU
		{4F3800E8-762D-4354-857A-5E49C43ED009}.Debug|Any CPU.Build.0 = Debug|Any CPU
		{4F3800E8-762D-4354-857A-5E49C43ED009}.Release|Any CPU.ActiveCfg = Release|Any CPU
		{4F3800E8-762D-4354-857A-5E49C43ED009}.Release|Any CPU.Build.0 = Release|Any CPU
		{3331A1DB-87E4-4644-887E-288FBE4D8E3F}.Debug|Any CPU.ActiveCfg = Debug|Any CPU
		{3331A1DB-87E4-4644-887E-288FBE4D8E3F}.Debug|Any CPU.Build.0 = Debug|Any CPU
		{3331A1DB-87E4-4644-887E-288FBE4D8E3F}.Release|Any CPU.ActiveCfg = Release|Any CPU
		{3331A1DB-87E4-4644-887E-288FBE4D8E3F}.Release|Any CPU.Build.0 = Release|Any CPU
		{287E5460-A1B9-4FBF-88BF-3BEC8DF09B33}.Debug|Any CPU.ActiveCfg = Debug|Any CPU
		{287E5460-A1B9-4FBF-88BF-3BEC8DF09B33}.Debug|Any CPU.Build.0 = Debug|Any CPU
		{287E5460-A1B9-4FBF-88BF-3BEC8DF09B33}.Release|Any CPU.ActiveCfg = Release|Any CPU
		{287E5460-A1B9-4FBF-88BF-3BEC8DF09B33}.Release|Any CPU.Build.0 = Release|Any CPU
	EndGlobalSection
	GlobalSection(SolutionProperties) = preSolution
		HideSolutionNode = FALSE
	EndGlobalSection
	GlobalSection(NestedProjects) = preSolution
		{287E5460-A1B9-4FBF-88BF-3BEC8DF09B33} = {609BF48E-E326-49B2-9DC7-CB6137C6A065}
	EndGlobalSection
	GlobalSection(ExtensibilityGlobals) = postSolution
		SolutionGuid = {36017A73-16FE-4B2E-85DA-758DABA5911F}
	EndGlobalSection
EndGlobal
